
Microsoft Visual Studio Solution File, Format Version 12.00
# Visual Studio Version 16
VisualStudioVersion = 16.0.31229.75
MinimumVisualStudioVersion = 10.0.40219.1
Project("{FAE04EC0-301F-11D3-BF4B-00C04F79EFBC}") = "InstagramMessages.Android", "InstagramMessages\InstagramMessages.Android\InstagramMessages.Android.csproj", "{C3A8498E-EBB5-4937-B939-C80ACF5F0586}"
EndProject
Project("{FAE04EC0-301F-11D3-BF4B-00C04F79EFBC}") = "InstagramMessages.iOS", "InstagramMessages\InstagramMessages.iOS\InstagramMessages.iOS.csproj", "{333D12D9-3DE4-49CF-B8BA-2E847823B397}"
EndProject
Project("{FAE04EC0-301F-11D3-BF4B-00C04F79EFBC}") = "InstagramMessages", "InstagramMessages\InstagramMessages\InstagramMessages.csproj", "{C50C8E0E-3628-4323-BBAD-DA8570ED257C}"
EndProject
Global
	GlobalSection(SolutionConfigurationPlatforms) = preSolution
		Debug|Any CPU = Debug|Any CPU
		Debug|iPhone = Debug|iPhone
		Debug|iPhoneSimulator = Debug|iPhoneSimulator
		Release|Any CPU = Release|Any CPU
		Release|iPhone = Release|iPhone
		Release|iPhoneSimulator = Release|iPhoneSimulator
	EndGlobalSection
	GlobalSection(ProjectConfigurationPlatforms) = postSolution
		{C3A8498E-EBB5-4937-B939-C80ACF5F0586}.Debug|Any CPU.ActiveCfg = Debug|Any CPU
		{C3A8498E-EBB5-4937-B939-C80ACF5F0586}.Debug|Any CPU.Build.0 = Debug|Any CPU
		{C3A8498E-EBB5-4937-B939-C80ACF5F0586}.Debug|Any CPU.Deploy.0 = Debug|Any CPU
		{C3A8498E-EBB5-4937-B939-C80ACF5F0586}.Debug|iPhone.ActiveCfg = Debug|Any CPU
		{C3A8498E-EBB5-4937-B939-C80ACF5F0586}.Debug|iPhone.Build.0 = Debug|Any CPU
		{C3A8498E-EBB5-4937-B939-C80ACF5F0586}.Debug|iPhone.Deploy.0 = Debug|Any CPU
		{C3A8498E-EBB5-4937-B939-C80ACF5F0586}.Debug|iPhoneSimulator.ActiveCfg = Debug|Any CPU
		{C3A8498E-EBB5-4937-B939-C80ACF5F0586}.Debug|iPhoneSimulator.Build.0 = Debug|Any CPU
		{C3A8498E-EBB5-4937-B939-C80ACF5F0586}.Debug|iPhoneSimulator.Deploy.0 = Debug|Any CPU
		{C3A8498E-EBB5-4937-B939-C80ACF5F0586}.Release|Any CPU.ActiveCfg = Release|Any CPU
		{C3A8498E-EBB5-4937-B939-C80ACF5F0586}.Release|Any CPU.Build.0 = Release|Any CPU
		{C3A8498E-EBB5-4937-B939-C80ACF5F0586}.Release|Any CPU.Deploy.0 = Release|Any CPU
		{C3A8498E-EBB5-4937-B939-C80ACF5F0586}.Release|iPhone.ActiveCfg = Release|Any CPU
		{C3A8498E-EBB5-4937-B939-C80ACF5F0586}.Release|iPhone.Build.0 = Release|Any CPU
		{C3A8498E-EBB5-4937-B939-C80ACF5F0586}.Release|iPhone.Deploy.0 = Release|Any CPU
		{C3A8498E-EBB5-4937-B939-C80ACF5F0586}.Release|iPhoneSimulator.ActiveCfg = Release|Any CPU
		{C3A8498E-EBB5-4937-B939-C80ACF5F0586}.Release|iPhoneSimulator.Build.0 = Release|Any CPU
		{C3A8498E-EBB5-4937-B939-C80ACF5F0586}.Release|iPhoneSimulator.Deploy.0 = Release|Any CPU
		{333D12D9-3DE4-49CF-B8BA-2E847823B397}.Debug|Any CPU.ActiveCfg = Debug|iPhone
		{333D12D9-3DE4-49CF-B8BA-2E847823B397}.Debug|Any CPU.Build.0 = Debug|iPhone
		{333D12D9-3DE4-49CF-B8BA-2E847823B397}.Debug|Any CPU.Deploy.0 = Debug|iPhone
		{333D12D9-3DE4-49CF-B8BA-2E847823B397}.Debug|iPhone.ActiveCfg = Debug|iPhone
		{333D12D9-3DE4-49CF-B8BA-2E847823B397}.Debug|iPhone.Build.0 = Debug|iPhone
		{333D12D9-3DE4-49CF-B8BA-2E847823B397}.Debug|iPhone.Deploy.0 = Debug|iPhone
		{333D12D9-3DE4-49CF-B8BA-2E847823B397}.Debug|iPhoneSimulator.ActiveCfg = Debug|iPhoneSimulator
		{333D12D9-3DE4-49CF-B8BA-2E847823B397}.Debug|iPhoneSimulator.Build.0 = Debug|iPhoneSimulator
		{333D12D9-3DE4-49CF-B8BA-2E847823B397}.Debug|iPhoneSimulator.Deploy.0 = Debug|iPhoneSimulator
		{333D12D9-3DE4-49CF-B8BA-2E847823B397}.Release|Any CPU.ActiveCfg = Release|iPhoneSimulator
		{333D12D9-3DE4-49CF-B8BA-2E847823B397}.Release|Any CPU.Build.0 = Release|iPhoneSimulator
		{333D12D9-3DE4-49CF-B8BA-2E847823B397}.Release|Any CPU.Deploy.0 = Release|iPhoneSimulator
		{333D12D9-3DE4-49CF-B8BA-2E847823B397}.Release|iPhone.ActiveCfg = Release|iPhone
		{333D12D9-3DE4-49CF-B8BA-2E847823B397}.Release|iPhone.Build.0 = Release|iPhone
		{333D12D9-3DE4-49CF-B8BA-2E847823B397}.Release|iPhone.Deploy.0 = Release|iPhone
		{333D12D9-3DE4-49CF-B8BA-2E847823B397}.Release|iPhoneSimulator.ActiveCfg = Release|iPhoneSimulator
		{333D12D9-3DE4-49CF-B8BA-2E847823B397}.Release|iPhoneSimulator.Build.0 = Release|iPhoneSimulator
		{333D12D9-3DE4-49CF-B8BA-2E847823B397}.Release|iPhoneSimulator.Deploy.0 = Release|iPhoneSimulator
		{C50C8E0E-3628-4323-BBAD-DA8570ED257C}.Debug|Any CPU.ActiveCfg = Debug|Any CPU
		{C50C8E0E-3628-4323-BBAD-DA8570ED257C}.Debug|Any CPU.Build.0 = Debug|Any CPU
		{C50C8E0E-3628-4323-BBAD-DA8570ED257C}.Debug|Any CPU.Deploy.0 = Debug|Any CPU
		{C50C8E0E-3628-4323-BBAD-DA8570ED257C}.Debug|iPhone.ActiveCfg = Debug|Any CPU
		{C50C8E0E-3628-4323-BBAD-DA8570ED257C}.Debug|iPhone.Build.0 = Debug|Any CPU
		{C50C8E0E-3628-4323-BBAD-DA8570ED257C}.Debug|iPhone.Deploy.0 = Debug|Any CPU
		{C50C8E0E-3628-4323-BBAD-DA8570ED257C}.Debug|iPhoneSimulator.ActiveCfg = Debug|Any CPU
		{C50C8E0E-3628-4323-BBAD-DA8570ED257C}.Debug|iPhoneSimulator.Build.0 = Debug|Any CPU
		{C50C8E0E-3628-4323-BBAD-DA8570ED257C}.Debug|iPhoneSimulator.Deploy.0 = Debug|Any CPU
		{C50C8E0E-3628-4323-BBAD-DA8570ED257C}.Release|Any CPU.ActiveCfg = Release|Any CPU
		{C50C8E0E-3628-4323-BBAD-DA8570ED257C}.Release|Any CPU.Build.0 = Release|Any CPU
		{C50C8E0E-3628-4323-BBAD-DA8570ED257C}.Release|Any CPU.Deploy.0 = Release|Any CPU
		{C50C8E0E-3628-4323-BBAD-DA8570ED257C}.Release|iPhone.ActiveCfg = Release|Any CPU
		{C50C8E0E-3628-4323-BBAD-DA8570ED257C}.Release|iPhone.Build.0 = Release|Any CPU
		{C50C8E0E-3628-4323-BBAD-DA8570ED257C}.Release|iPhone.Deploy.0 = Release|Any CPU
		{C50C8E0E-3628-4323-BBAD-DA8570ED257C}.Release|iPhoneSimulator.ActiveCfg = Release|Any CPU
		{C50C8E0E-3628-4323-BBAD-DA8570ED257C}.Release|iPhoneSimulator.Build.0 = Release|Any CPU
		{C50C8E0E-3628-4323-BBAD-DA8570ED257C}.Release|iPhoneSimulator.Deploy.0 = Release|Any CPU
	EndGlobalSection
	GlobalSection(SolutionProperties) = preSolution
		HideSolutionNode = FALSE
	EndGlobalSection
	GlobalSection(ExtensibilityGlobals) = postSolution
		SolutionGuid = {842768E1-D2E3-46B8-95B5-55AF843570CE}
	EndGlobalSection
EndGlobal
